
Microsoft Visual Studio Solution File, Format Version 12.00
# Visual Studio 2013
VisualStudioVersion = 12.0.30501.0
MinimumVisualStudioVersion = 10.0.40219.1
Project("{FAE04EC0-301F-11D3-BF4B-00C04F79EFBC}") = "MonoExampleTests", "MonoExampleTests\MonoExampleTests.csproj", "{E686FB54-3AFB-4253-A578-444FB4DCC8A1}"
EndProject
Project("{2150E333-8FDC-42A3-9474-1A3956D46DE8}") = ".nuget", ".nuget", "{C2B19A4E-65D4-4169-9B5D-EF0485A3564E}"
	ProjectSection(SolutionItems) = preProject
		.nuget\NuGet.Config = .nuget\NuGet.Config
		.nuget\NuGet.exe = .nuget\NuGet.exe
		.nuget\NuGet.targets = .nuget\NuGet.targets
	EndProjectSection
EndProject
Global
	GlobalSection(SolutionConfigurationPlatforms) = preSolution
		Debug|Any CPU = Debug|Any CPU
		Release|Any CPU = Release|Any CPU
	EndGlobalSection
	GlobalSection(ProjectConfigurationPlatforms) = postSolution
		{E686FB54-3AFB-4253-A578-444FB4DCC8A1}.Debug|Any CPU.ActiveCfg = Debug|Any CPU
		{E686FB54-3AFB-4253-A578-444FB4DCC8A1}.Debug|Any CPU.Build.0 = Debug|Any CPU
		{E686FB54-3AFB-4253-A578-444FB4DCC8A1}.Release|Any CPU.ActiveCfg = Release|Any CPU
		{E686FB54-3AFB-4253-A578-444FB4DCC8A1}.Release|Any CPU.Build.0 = Release|Any CPU
	EndGlobalSection
	GlobalSection(SolutionProperties) = preSolution
		HideSolutionNode = FALSE
	EndGlobalSection
EndGlobal
